// !$*UTF8*$!
{
	archiveVersion = 1;
	classes = {
	};
	objectVersion = 51;
	objects = {

/* Begin PBXBuildFile section */
		13103A3126B5A68100DE532D /* DatabaseHelper.swift in Sources */ = {isa = PBXBuildFile; fileRef = 13103A3026B5A68100DE532D /* DatabaseHelper.swift */; };
		131EEB5826B6437A00CE7596 /* AvialbleController.swift in Sources */ = {isa = PBXBuildFile; fileRef = 131EEB5726B6437A00CE7596 /* AvialbleController.swift */; };
		1388573C26B524A100A67745 /* landscapeCell.xib in Resources */ = {isa = PBXBuildFile; fileRef = 1388573B26B524A100A67745 /* landscapeCell.xib */; };
		1388574C26B5506700A67745 /* Constants.swift in Sources */ = {isa = PBXBuildFile; fileRef = 1388574B26B5506700A67745 /* Constants.swift */; };
		1388574F26B5508400A67745 /* Utility.swift in Sources */ = {isa = PBXBuildFile; fileRef = 1388574E26B5508400A67745 /* Utility.swift */; };
		1388575526B5539100A67745 /* ActivityIndicatorView.swift in Sources */ = {isa = PBXBuildFile; fileRef = 1388575426B5539100A67745 /* ActivityIndicatorView.swift */; };
		1388575B26B569B700A67745 /* ScheduleController.swift in Sources */ = {isa = PBXBuildFile; fileRef = 1388575A26B569B700A67745 /* ScheduleController.swift */; };
		139F378726B45CE900FC52A1 /* AppDelegate.swift in Sources */ = {isa = PBXBuildFile; fileRef = 139F378626B45CE900FC52A1 /* AppDelegate.swift */; };
		139F378926B45CE900FC52A1 /* SceneDelegate.swift in Sources */ = {isa = PBXBuildFile; fileRef = 139F378826B45CE900FC52A1 /* SceneDelegate.swift */; };
		139F378B26B45CE900FC52A1 /* ViewController.swift in Sources */ = {isa = PBXBuildFile; fileRef = 139F378A26B45CE900FC52A1 /* ViewController.swift */; };
		139F378E26B45CE900FC52A1 /* Main.storyboard in Resources */ = {isa = PBXBuildFile; fileRef = 139F378C26B45CE900FC52A1 /* Main.storyboard */; };
		139F379126B45CE900FC52A1 /* MeetingScheduler.xcdatamodeld in Sources */ = {isa = PBXBuildFile; fileRef = 139F378F26B45CE900FC52A1 /* MeetingScheduler.xcdatamodeld */; };
		139F379326B45CEC00FC52A1 /* Assets.xcassets in Resources */ = {isa = PBXBuildFile; fileRef = 139F379226B45CEC00FC52A1 /* Assets.xcassets */; };
		139F379626B45CEC00FC52A1 /* LaunchScreen.storyboard in Resources */ = {isa = PBXBuildFile; fileRef = 139F379426B45CEC00FC52A1 /* LaunchScreen.storyboard */; };
		139F37A026B45E0000FC52A1 /* meetingDetails.swift in Sources */ = {isa = PBXBuildFile; fileRef = 139F379F26B45E0000FC52A1 /* meetingDetails.swift */; };
		139F37A326B463F300FC52A1 /* meetCell.xib in Resources */ = {isa = PBXBuildFile; fileRef = 139F37A226B463F300FC52A1 /* meetCell.xib */; };
		D073B1FB86993063BC658648 /* Pods_MeetingScheduler.framework in Frameworks */ = {isa = PBXBuildFile; fileRef = F9B8B0570C0A1B4E1E117A27 /* Pods_MeetingScheduler.framework */; };
/* End PBXBuildFile section */

/* Begin PBXFileReference section */
		13103A3026B5A68100DE532D /* DatabaseHelper.swift */ = {isa = PBXFileReference; lastKnownFileType = sourcecode.swift; path = DatabaseHelper.swift; sourceTree = "<group>"; };
		131EEB5726B6437A00CE7596 /* AvialbleController.swift */ = {isa = PBXFileReference; lastKnownFileType = sourcecode.swift; path = AvialbleController.swift; sourceTree = "<group>"; };
		1388573B26B524A100A67745 /* landscapeCell.xib */ = {isa = PBXFileReference; lastKnownFileType = file.xib; path = landscapeCell.xib; sourceTree = "<group>"; };
		1388574B26B5506700A67745 /* Constants.swift */ = {isa = PBXFileReference; lastKnownFileType = sourcecode.swift; path = Constants.swift; sourceTree = "<group>"; };
		1388574E26B5508400A67745 /* Utility.swift */ = {isa = PBXFileReference; lastKnownFileType = sourcecode.swift; path = Utility.swift; sourceTree = "<group>"; };
		1388575426B5539100A67745 /* ActivityIndicatorView.swift */ = {isa = PBXFileReference; lastKnownFileType = sourcecode.swift; path = ActivityIndicatorView.swift; sourceTree = "<group>"; };
		1388575A26B569B700A67745 /* ScheduleController.swift */ = {isa = PBXFileReference; lastKnownFileType = sourcecode.swift; path = ScheduleController.swift; sourceTree = "<group>"; };
		139F378326B45CE900FC52A1 /* MeetingScheduler.app */ = {isa = PBXFileReference; explicitFileType = wrapper.application; includeInIndex = 0; path = MeetingScheduler.app; sourceTree = BUILT_PRODUCTS_DIR; };
		139F378626B45CE900FC52A1 /* AppDelegate.swift */ = {isa = PBXFileReference; lastKnownFileType = sourcecode.swift; path = AppDelegate.swift; sourceTree = "<group>"; };
		139F378826B45CE900FC52A1 /* SceneDelegate.swift */ = {isa = PBXFileReference; lastKnownFileType = sourcecode.swift; path = SceneDelegate.swift; sourceTree = "<group>"; };
		139F378A26B45CE900FC52A1 /* ViewController.swift */ = {isa = PBXFileReference; lastKnownFileType = sourcecode.swift; path = ViewController.swift; sourceTree = "<group>"; };
		139F378D26B45CE900FC52A1 /* Base */ = {isa = PBXFileReference; lastKnownFileType = file.storyboard; name = Base; path = Base.lproj/Main.storyboard; sourceTree = "<group>"; };
		139F379026B45CE900FC52A1 /* MeetingScheduler.xcdatamodel */ = {isa = PBXFileReference; lastKnownFileType = wrapper.xcdatamodel; path = MeetingScheduler.xcdatamodel; sourceTree = "<group>"; };
		139F379226B45CEC00FC52A1 /* Assets.xcassets */ = {isa = PBXFileReference; lastKnownFileType = folder.assetcatalog; path = Assets.xcassets; sourceTree = "<group>"; };
		139F379526B45CEC00FC52A1 /* Base */ = {isa = PBXFileReference; lastKnownFileType = file.storyboard; name = Base; path = Base.lproj/LaunchScreen.storyboard; sourceTree = "<group>"; };
		139F379726B45CEC00FC52A1 /* Info.plist */ = {isa = PBXFileReference; lastKnownFileType = text.plist.xml; path = Info.plist; sourceTree = "<group>"; };
		139F379F26B45E0000FC52A1 /* meetingDetails.swift */ = {isa = PBXFileReference; lastKnownFileType = sourcecode.swift; path = meetingDetails.swift; sourceTree = "<group>"; };
		139F37A226B463F300FC52A1 /* meetCell.xib */ = {isa = PBXFileReference; lastKnownFileType = file.xib; path = meetCell.xib; sourceTree = "<group>"; };
		585E242FFE89FC58CA237E8D /* Pods-MeetingScheduler.debug.xcconfig */ = {isa = PBXFileReference; includeInIndex = 1; lastKnownFileType = text.xcconfig; name = "Pods-MeetingScheduler.debug.xcconfig"; path = "Target Support Files/Pods-MeetingScheduler/Pods-MeetingScheduler.debug.xcconfig"; sourceTree = "<group>"; };
		DD2A201A407D86783C5024C6 /* Pods-MeetingScheduler.release.xcconfig */ = {isa = PBXFileReference; includeInIndex = 1; lastKnownFileType = text.xcconfig; name = "Pods-MeetingScheduler.release.xcconfig"; path = "Target Support Files/Pods-MeetingScheduler/Pods-MeetingScheduler.release.xcconfig"; sourceTree = "<group>"; };
		F9B8B0570C0A1B4E1E117A27 /* Pods_MeetingScheduler.framework */ = {isa = PBXFileReference; explicitFileType = wrapper.framework; includeInIndex = 0; path = Pods_MeetingScheduler.framework; sourceTree = BUILT_PRODUCTS_DIR; };
/* End PBXFileReference section */

/* Begin PBXFrameworksBuildPhase section */
		139F378026B45CE900FC52A1 /* Frameworks */ = {
			isa = PBXFrameworksBuildPhase;
			buildActionMask = 2147483647;
			files = (
				D073B1FB86993063BC658648 /* Pods_MeetingScheduler.framework in Frameworks */,
			);
			runOnlyForDeploymentPostprocessing = 0;
		};
/* End PBXFrameworksBuildPhase section */

/* Begin PBXGroup section */
		0558277E5668CA0AA1880E02 /* Frameworks */ = {
			isa = PBXGroup;
			children = (
				F9B8B0570C0A1B4E1E117A27 /* Pods_MeetingScheduler.framework */,
			);
			name = Frameworks;
			sourceTree = "<group>";
		};
		1388574426B54F8A00A67745 /* Common */ = {
			isa = PBXGroup;
			children = (
				1388574B26B5506700A67745 /* Constants.swift */,
				1388574E26B5508400A67745 /* Utility.swift */,
				1388575426B5539100A67745 /* ActivityIndicatorView.swift */,
				13103A3026B5A68100DE532D /* DatabaseHelper.swift */,
			);
			path = Common;
			sourceTree = "<group>";
		};
		1388575726B556A700A67745 /* View */ = {
			isa = PBXGroup;
			children = (
				139F37A226B463F300FC52A1 /* meetCell.xib */,
				139F378C26B45CE900FC52A1 /* Main.storyboard */,
				1388573B26B524A100A67745 /* landscapeCell.xib */,
			);
			path = View;
			sourceTree = "<group>";
		};
		1388575826B556B900A67745 /* Controller */ = {
			isa = PBXGroup;
			children = (
				139F378A26B45CE900FC52A1 /* ViewController.swift */,
				1388575A26B569B700A67745 /* ScheduleController.swift */,
				131EEB5726B6437A00CE7596 /* AvialbleController.swift */,
			);
			path = Controller;
			sourceTree = "<group>";
		};
		139F377A26B45CE900FC52A1 = {
			isa = PBXGroup;
			children = (
				139F378526B45CE900FC52A1 /* MeetingScheduler */,
				139F378426B45CE900FC52A1 /* Products */,
				4873AE0CD068A8B1911F8E72 /* Pods */,
				0558277E5668CA0AA1880E02 /* Frameworks */,
			);
			sourceTree = "<group>";
		};
		139F378426B45CE900FC52A1 /* Products */ = {
			isa = PBXGroup;
			children = (
				139F378326B45CE900FC52A1 /* MeetingScheduler.app */,
			);
			name = Products;
			sourceTree = "<group>";
		};
		139F378526B45CE900FC52A1 /* MeetingScheduler */ = {
			isa = PBXGroup;
			children = (
				1388575826B556B900A67745 /* Controller */,
				1388575726B556A700A67745 /* View */,
				1388574426B54F8A00A67745 /* Common */,
				139F379E26B45DCB00FC52A1 /* Model */,
				139F378626B45CE900FC52A1 /* AppDelegate.swift */,
				139F378826B45CE900FC52A1 /* SceneDelegate.swift */,
				139F379226B45CEC00FC52A1 /* Assets.xcassets */,
				139F379426B45CEC00FC52A1 /* LaunchScreen.storyboard */,
				139F379726B45CEC00FC52A1 /* Info.plist */,
				139F378F26B45CE900FC52A1 /* MeetingScheduler.xcdatamodeld */,
			);
			path = MeetingScheduler;
			sourceTree = "<group>";
		};
		139F379E26B45DCB00FC52A1 /* Model */ = {
			isa = PBXGroup;
			children = (
				139F379F26B45E0000FC52A1 /* meetingDetails.swift */,
			);
			path = Model;
			sourceTree = "<group>";
		};
		4873AE0CD068A8B1911F8E72 /* Pods */ = {
			isa = PBXGroup;
			children = (
				585E242FFE89FC58CA237E8D /* Pods-MeetingScheduler.debug.xcconfig */,
				DD2A201A407D86783C5024C6 /* Pods-MeetingScheduler.release.xcconfig */,
			);
			path = Pods;
			sourceTree = "<group>";
		};
/* End PBXGroup section */

/* Begin PBXNativeTarget section */
		139F378226B45CE900FC52A1 /* MeetingScheduler */ = {
			isa = PBXNativeTarget;
			buildConfigurationList = 139F379A26B45CEC00FC52A1 /* Build configuration list for PBXNativeTarget "MeetingScheduler" */;
			buildPhases = (
				753CA745916B504B9F8FA39F /* [CP] Check Pods Manifest.lock */,
				139F377F26B45CE900FC52A1 /* Sources */,
				139F378026B45CE900FC52A1 /* Frameworks */,
				139F378126B45CE900FC52A1 /* Resources */,
				C8A4FD5DFD99DF06D68AAFA3 /* [CP] Embed Pods Frameworks */,
			);
			buildRules = (
			);
			dependencies = (
			);
			name = MeetingScheduler;
			productName = MeetingScheduler;
			productReference = 139F378326B45CE900FC52A1 /* MeetingScheduler.app */;
			productType = "com.apple.product-type.application";
		};
/* End PBXNativeTarget section */

/* Begin PBXProject section */
		139F377B26B45CE900FC52A1 /* Project object */ = {
			isa = PBXProject;
			attributes = {
				LastSwiftUpdateCheck = 1240;
				LastUpgradeCheck = 1240;
				TargetAttributes = {
					139F378226B45CE900FC52A1 = {
						CreatedOnToolsVersion = 12.4;
					};
				};
			};
			buildConfigurationList = 139F377E26B45CE900FC52A1 /* Build configuration list for PBXProject "MeetingScheduler" */;
			compatibilityVersion = "Xcode 9.3";
			developmentRegion = en;
			hasScannedForEncodings = 0;
			knownRegions = (
				en,
				Base,
			);
			mainGroup = 139F377A26B45CE900FC52A1;
			productRefGroup = 139F378426B45CE900FC52A1 /* Products */;
			projectDirPath = "";
			projectRoot = "";
			targets = (
				139F378226B45CE900FC52A1 /* MeetingScheduler */,
			);
		};
/* End PBXProject section */

/* Begin PBXResourcesBuildPhase section */
		139F378126B45CE900FC52A1 /* Resources */ = {
			isa = PBXResourcesBuildPhase;
			buildActionMask = 2147483647;
			files = (
				139F37A326B463F300FC52A1 /* meetCell.xib in Resources */,
				139F379626B45CEC00FC52A1 /* LaunchScreen.storyboard in Resources */,
				139F379326B45CEC00FC52A1 /* Assets.xcassets in Resources */,
				1388573C26B524A100A67745 /* landscapeCell.xib in Resources */,
				139F378E26B45CE900FC52A1 /* Main.storyboard in Resources */,
			);
			runOnlyForDeploymentPostprocessing = 0;
		};
/* End PBXResourcesBuildPhase section */

/* Begin PBXShellScriptBuildPhase section */
		753CA745916B504B9F8FA39F /* [CP] Check Pods Manifest.lock */ = {
			isa = PBXShellScriptBuildPhase;
			buildActionMask = 2147483647;
			files = (
			);
			inputFileListPaths = (
			);
			inputPaths = (
				"${PODS_PODFILE_DIR_PATH}/Podfile.lock",
				"${PODS_ROOT}/Manifest.lock",
			);
			name = "[CP] Check Pods Manifest.lock";
			outputFileListPaths = (
			);
			outputPaths = (
				"$(DERIVED_FILE_DIR)/Pods-MeetingScheduler-checkManifestLockResult.txt",
			);
			runOnlyForDeploymentPostprocessing = 0;
			shellPath = /bin/sh;
			shellScript = "diff \"${PODS_PODFILE_DIR_PATH}/Podfile.lock\" \"${PODS_ROOT}/Manifest.lock\" > /dev/null\nif [ $? != 0 ] ; then\n    # print error to STDERR\n    echo \"error: The sandbox is not in sync with the Podfile.lock. Run 'pod install' or update your CocoaPods installation.\" >&2\n    exit 1\nfi\n# This output is used by Xcode 'outputs' to avoid re-running this script phase.\necho \"SUCCESS\" > \"${SCRIPT_OUTPUT_FILE_0}\"\n";
			showEnvVarsInLog = 0;
		};
		C8A4FD5DFD99DF06D68AAFA3 /* [CP] Embed Pods Frameworks */ = {
			isa = PBXShellScriptBuildPhase;
			buildActionMask = 2147483647;
			files = (
			);
			inputFileListPaths = (
				"${PODS_ROOT}/Target Support Files/Pods-MeetingScheduler/Pods-MeetingScheduler-frameworks-${CONFIGURATION}-input-files.xcfilelist",
			);
			name = "[CP] Embed Pods Frameworks";
			outputFileListPaths = (
				"${PODS_ROOT}/Target Support Files/Pods-MeetingScheduler/Pods-MeetingScheduler-frameworks-${CONFIGURATION}-output-files.xcfilelist",
			);
			runOnlyForDeploymentPostprocessing = 0;
			shellPath = /bin/sh;
			shellScript = "\"${PODS_ROOT}/Target Support Files/Pods-MeetingScheduler/Pods-MeetingScheduler-frameworks.sh\"\n";
			showEnvVarsInLog = 0;
		};
/* End PBXShellScriptBuildPhase section */

/* Begin PBXSourcesBuildPhase section */
		139F377F26B45CE900FC52A1 /* Sources */ = {
			isa = PBXSourcesBuildPhase;
			buildActionMask = 2147483647;
			files = (
				1388574F26B5508400A67745 /* Utility.swift in Sources */,
				139F378B26B45CE900FC52A1 /* ViewController.swift in Sources */,
				139F379126B45CE900FC52A1 /* MeetingScheduler.xcdatamodeld in Sources */,
				1388575526B5539100A67745 /* ActivityIndicatorView.swift in Sources */,
				1388575B26B569B700A67745 /* ScheduleController.swift in Sources */,
				139F37A026B45E0000FC52A1 /* meetingDetails.swift in Sources */,
				131EEB5826B6437A00CE7596 /* AvialbleController.swift in Sources */,
				13103A3126B5A68100DE532D /* DatabaseHelper.swift in Sources */,
				139F378726B45CE900FC52A1 /* AppDelegate.swift in Sources */,
				139F378926B45CE900FC52A1 /* SceneDelegate.swift in Sources */,
				1388574C26B5506700A67745 /* Constants.swift in Sources */,
			);
			runOnlyForDeploymentPostprocessing = 0;
		};
/* End PBXSourcesBuildPhase section */

/* Begin PBXVariantGroup section */
		139F378C26B45CE900FC52A1 /* Main.storyboard */ = {
			isa = PBXVariantGroup;
			children = (
				139F378D26B45CE900FC52A1 /* Base */,
			);
			name = Main.storyboard;
			sourceTree = "<group>";
		};
		139F379426B45CEC00FC52A1 /* LaunchScreen.storyboard */ = {
			isa = PBXVariantGroup;
			children = (
				139F379526B45CEC00FC52A1 /* Base */,
			);
			name = LaunchScreen.storyboard;
			sourceTree = "<group>";
		};
/* End PBXVariantGroup section */

/* Begin XCBuildConfiguration section */
		139F379826B45CEC00FC52A1 /* Debug */ = {
			isa = XCBuildConfiguration;
			buildSettings = {
				ALWAYS_SEARCH_USER_PATHS = NO;
				CLANG_ANALYZER_NONNULL = YES;
				CLANG_ANALYZER_NUMBER_OBJECT_CONVERSION = YES_AGGRESSIVE;
				CLANG_CXX_LANGUAGE_STANDARD = "gnu++14";
				CLANG_CXX_LIBRARY = "libc++";
				CLANG_ENABLE_MODULES = YES;
				CLANG_ENABLE_OBJC_ARC = YES;
				CLANG_ENABLE_OBJC_WEAK = YES;
				CLANG_WARN_BLOCK_CAPTURE_AUTORELEASING = YES;
				CLANG_WARN_BOOL_CONVERSION = YES;
				CLANG_WARN_COMMA = YES;
				CLANG_WARN_CONSTANT_CONVERSION = YES;
				CLANG_WARN_DEPRECATED_OBJC_IMPLEMENTATIONS = YES;
				CLANG_WARN_DIRECT_OBJC_ISA_USAGE = YES_ERROR;
				CLANG_WARN_DOCUMENTATION_COMMENTS = YES;
				CLANG_WARN_EMPTY_BODY = YES;
				CLANG_WARN_ENUM_CONVERSION = YES;
				CLANG_WARN_INFINITE_RECURSION = YES;
				CLANG_WARN_INT_CONVERSION = YES;
				CLANG_WARN_NON_LITERAL_NULL_CONVERSION = YES;
				CLANG_WARN_OBJC_IMPLICIT_RETAIN_SELF = YES;
				CLANG_WARN_OBJC_LITERAL_CONVERSION = YES;
				CLANG_WARN_OBJC_ROOT_CLASS = YES_ERROR;
				CLANG_WARN_QUOTED_INCLUDE_IN_FRAMEWORK_HEADER = YES;
				CLANG_WARN_RANGE_LOOP_ANALYSIS = YES;
				CLANG_WARN_STRICT_PROTOTYPES = YES;
				CLANG_WARN_SUSPICIOUS_MOVE = YES;
				CLANG_WARN_UNGUARDED_AVAILABILITY = YES_AGGRESSIVE;
				CLANG_WARN_UNREACHABLE_CODE = YES;
				CLANG_WARN__DUPLICATE_METHOD_MATCH = YES;
				COPY_PHASE_STRIP = NO;
				DEBUG_INFORMATION_FORMAT = dwarf;
				ENABLE_STRICT_OBJC_MSGSEND = YES;
				ENABLE_TESTABILITY = YES;
				GCC_C_LANGUAGE_STANDARD = gnu11;
				GCC_DYNAMIC_NO_PIC = NO;
				GCC_NO_COMMON_BLOCKS = YES;
				GCC_OPTIMIZATION_LEVEL = 0;
				GCC_PREPROCESSOR_DEFINITIONS = (
					"DEBUG=1",
					"$(inherited)",
				);
				GCC_WARN_64_TO_32_BIT_CONVERSION = YES;
				GCC_WARN_ABOUT_RETURN_TYPE = YES_ERROR;
				GCC_WARN_UNDECLARED_SELECTOR = YES;
				GCC_WARN_UNINITIALIZED_AUTOS = YES_AGGRESSIVE;
				GCC_WARN_UNUSED_FUNCTION = YES;
				GCC_WARN_UNUSED_VARIABLE = YES;
				IPHONEOS_DEPLOYMENT_TARGET = 14.4;
				MTL_ENABLE_DEBUG_INFO = INCLUDE_SOURCE;
				MTL_FAST_MATH = YES;
				ONLY_ACTIVE_ARCH = YES;
				SDKROOT = iphoneos;
				SWIFT_ACTIVE_COMPILATION_CONDITIONS = DEBUG;
				SWIFT_OPTIMIZATION_LEVEL = "-Onone";
			};
			name = Debug;
		};
		139F379926B45CEC00FC52A1 /* Release */ = {
			isa = XCBuildConfiguration;
			buildSettings = {
				ALWAYS_SEARCH_USER_PATHS = NO;
				CLANG_ANALYZER_NONNULL = YES;
				CLANG_ANALYZER_NUMBER_OBJECT_CONVERSION = YES_AGGRESSIVE;
				CLANG_CXX_LANGUAGE_STANDARD = "gnu++14";
				CLANG_CXX_LIBRARY = "libc++";
				CLANG_ENABLE_MODULES = YES;
				CLANG_ENABLE_OBJC_ARC = YES;
				CLANG_ENABLE_OBJC_WEAK = YES;
				CLANG_WARN_BLOCK_CAPTURE_AUTORELEASING = YES;
				CLANG_WARN_BOOL_CONVERSION = YES;
				CLANG_WARN_COMMA = YES;
				CLANG_WARN_CONSTANT_CONVERSION = YES;
				CLANG_WARN_DEPRECATED_OBJC_IMPLEMENTATIONS = YES;
				CLANG_WARN_DIRECT_OBJC_ISA_USAGE = YES_ERROR;
				CLANG_WARN_DOCUMENTATION_COMMENTS = YES;
				CLANG_WARN_EMPTY_BODY = YES;
				CLANG_WARN_ENUM_CONVERSION = YES;
				CLANG_WARN_INFINITE_RECURSION = YES;
				CLANG_WARN_INT_CONVERSION = YES;
				CLANG_WARN_NON_LITERAL_NULL_CONVERSION = YES;
				CLANG_WARN_OBJC_IMPLICIT_RETAIN_SELF = YES;
				CLANG_WARN_OBJC_LITERAL_CONVERSION = YES;
				CLANG_WARN_OBJC_ROOT_CLASS = YES_ERROR;
				CLANG_WARN_QUOTED_INCLUDE_IN_FRAMEWORK_HEADER = YES;
				CLANG_WARN_RANGE_LOOP_ANALYSIS = YES;
				CLANG_WARN_STRICT_PROTOTYPES = YES;
				CLANG_WARN_SUSPICIOUS_MOVE = YES;
				CLANG_WARN_UNGUARDED_AVAILABILITY = YES_AGGRESSIVE;
				CLANG_WARN_UNREACHABLE_CODE = YES;
				CLANG_WARN__DUPLICATE_METHOD_MATCH = YES;
				COPY_PHASE_STRIP = NO;
				DEBUG_INFORMATION_FORMAT = "dwarf-with-dsym";
				ENABLE_NS_ASSERTIONS = NO;
				ENABLE_STRICT_OBJC_MSGSEND = YES;
				GCC_C_LANGUAGE_STANDARD = gnu11;
				GCC_NO_COMMON_BLOCKS = YES;
				GCC_WARN_64_TO_32_BIT_CONVERSION = YES;
				GCC_WARN_ABOUT_RETURN_TYPE = YES_ERROR;
				GCC_WARN_UNDECLARED_SELECTOR = YES;
				GCC_WARN_UNINITIALIZED_AUTOS = YES_AGGRESSIVE;
				GCC_WARN_UNUSED_FUNCTION = YES;
				GCC_WARN_UNUSED_VARIABLE = YES;
				IPHONEOS_DEPLOYMENT_TARGET = 14.4;
				MTL_ENABLE_DEBUG_INFO = NO;
				MTL_FAST_MATH = YES;
				SDKROOT = iphoneos;
				SWIFT_COMPILATION_MODE = wholemodule;
				SWIFT_OPTIMIZATION_LEVEL = "-O";
				VALIDATE_PRODUCT = YES;
			};
			name = Release;
		};
		139F379B26B45CEC00FC52A1 /* Debug */ = {
			isa = XCBuildConfiguration;
			baseConfigurationReference = 585E242FFE89FC58CA237E8D /* Pods-MeetingScheduler.debug.xcconfig */;
			buildSettings = {
				ASSETCATALOG_COMPILER_APPICON_NAME = AppIcon;
				ASSETCATALOG_COMPILER_GLOBAL_ACCENT_COLOR_NAME = AccentColor;
				CODE_SIGN_STYLE = Automatic;
				INFOPLIST_FILE = MeetingScheduler/Info.plist;
				LD_RUNPATH_SEARCH_PATHS = (
					"$(inherited)",
					"@executable_path/Frameworks",
				);
				MARKETING_VERSION = 1.0.0;
				PRODUCT_BUNDLE_IDENTIFIER = com.learn.MeetingScheduler;
				PRODUCT_NAME = "$(TARGET_NAME)";
				SWIFT_VERSION = 5.0;
				TARGETED_DEVICE_FAMILY = 1;
			};
			name = Debug;
		};
		139F379C26B45CEC00FC52A1 /* Release */ = {
			isa = XCBuildConfiguration;
			baseConfigurationReference = DD2A201A407D86783C5024C6 /* Pods-MeetingScheduler.release.xcconfig */;
			buildSettings = {
				ASSETCATALOG_COMPILER_APPICON_NAME = AppIcon;
				ASSETCATALOG_COMPILER_GLOBAL_ACCENT_COLOR_NAME = AccentColor;
				CODE_SIGN_STYLE = Automatic;
				INFOPLIST_FILE = MeetingScheduler/Info.plist;
				LD_RUNPATH_SEARCH_PATHS = (
					"$(inherited)",
					"@executable_path/Frameworks",
				);
				MARKETING_VERSION = 1.0.0;
				PRODUCT_BUNDLE_IDENTIFIER = com.learn.MeetingScheduler;
				PRODUCT_NAME = "$(TARGET_NAME)";
				SWIFT_VERSION = 5.0;
				TARGETED_DEVICE_FAMILY = 1;
			};
			name = Release;
		};
/* End XCBuildConfiguration section */

/* Begin XCConfigurationList section */
		139F377E26B45CE900FC52A1 /* Build configuration list for PBXProject "MeetingScheduler" */ = {
			isa = XCConfigurationList;
			buildConfigurations = (
				139F379826B45CEC00FC52A1 /* Debug */,
				139F379926B45CEC00FC52A1 /* Release */,
			);
			defaultConfigurationIsVisible = 0;
			defaultConfigurationName = Release;
		};
		139F379A26B45CEC00FC52A1 /* Build configuration list for PBXNativeTarget "MeetingScheduler" */ = {
			isa = XCConfigurationList;
			buildConfigurations = (
				139F379B26B45CEC00FC52A1 /* Debug */,
				139F379C26B45CEC00FC52A1 /* Release */,
			);
			defaultConfigurationIsVisible = 0;
			defaultConfigurationName = Release;
		};
/* End XCConfigurationList section */

/* Begin XCVersionGroup section */
		139F378F26B45CE900FC52A1 /* MeetingScheduler.xcdatamodeld */ = {
			isa = XCVersionGroup;
			children = (
				139F379026B45CE900FC52A1 /* MeetingScheduler.xcdatamodel */,
			);
			currentVersion = 139F379026B45CE900FC52A1 /* MeetingScheduler.xcdatamodel */;
			path = MeetingScheduler.xcdatamodeld;
			sourceTree = "<group>";
			versionGroupType = wrapper.xcdatamodel;
		};
/* End XCVersionGroup section */
	};
	rootObject = 139F377B26B45CE900FC52A1 /* Project object */;
}
